
Microsoft Visual Studio Solution File, Format Version 12.00
# Visual Studio Version 17
VisualStudioVersion = 17.5.33502.453
MinimumVisualStudioVersion = 10.0.40219.1
Project("{FAE04EC0-301F-11D3-BF4B-00C04F79EFBC}") = "omagahhh", "omagahhh\omagahhh.csproj", "{2F9AB193-DADD-4331-91CF-C31CF5546F21}"
EndProject
Global
	GlobalSection(SolutionConfigurationPlatforms) = preSolution
		Debug|Any CPU = Debug|Any CPU
		Release|Any CPU = Release|Any CPU
	EndGlobalSection
	GlobalSection(ProjectConfigurationPlatforms) = postSolution
		{2F9AB193-DADD-4331-91CF-C31CF5546F21}.Debug|Any CPU.ActiveCfg = Debug|Any CPU
		{2F9AB193-DADD-4331-91CF-C31CF5546F21}.Debug|Any CPU.Build.0 = Debug|Any CPU
		{2F9AB193-DADD-4331-91CF-C31CF5546F21}.Release|Any CPU.ActiveCfg = Release|Any CPU
		{2F9AB193-DADD-4331-91CF-C31CF5546F21}.Release|Any CPU.Build.0 = Release|Any CPU
	EndGlobalSection
	GlobalSection(SolutionProperties) = preSolution
		HideSolutionNode = FALSE
	EndGlobalSection
	GlobalSection(ExtensibilityGlobals) = postSolution
		SolutionGuid = {0C30F040-751F-4A8B-AF81-BC15DE6CFAC9}
	EndGlobalSection
EndGlobal
